<?xml version="1.0" encoding="utf-8"?>
<Project ToolsVersion="4.0" xmlns="http://schemas.microsoft.com/developer/msbuild/2003">
  <ItemGroup>
    <Filter Include="Source Files">
      <UniqueIdentifier>{4FC737F1-C7A5-4376-A066-2A32D752A2FF}</UniqueIdentifier>
      <Extensions>cpp;c;cc;cxx;def;odl;idl;hpj;bat;asm;asmx</Extensions>
    </Filter>
    <Filter Include="Source Files\image">
      <UniqueIdentifier>{6fb01071-669c-40c1-b208-fe6406050d31}</UniqueIdentifier>
    </Filter>
    <Filter Include="Source Files\image\decode">
      <UniqueIdentifier>{3f6dfaaf-7014-4a43-b46b-3e9a21556389}</UniqueIdentifier>
    </Filter>
    <Filter Include="Source Files\image\encode">
      <UniqueIdentifier>{c21c1587-ba0a-4e79-b788-b09d2560e143}</UniqueIdentifier>
    </Filter>
    <Filter Include="Source Files\image\sys">
      <UniqueIdentifier>{f7337153-70fe-4fb5-8775-a079b3b10532}</UniqueIdentifier>
    </Filter>
    <Filter Include="Source Files\jxrgluelib">
      <UniqueIdentifier>{138a5f89-8b42-4039-b9d8-ff6b82dcf453}</UniqueIdentifier>
    </Filter>
    <Filter Include="Header Files">
      <UniqueIdentifier>{93995380-89BD-4b04-88EB-625FBE52EBFB}</UniqueIdentifier>
      <Extensions>h;hpp;hxx;hm;inl;inc;xsd</Extensions>
    </Filter>
    <Filter Include="Header Files\image">
      <UniqueIdentifier>{e4dc3d95-656e-44de-b108-da4eff0f9283}</UniqueIdentifier>
    </Filter>
    <Filter Include="Header Files\image\decode">
      <UniqueIdentifier>{6787ca46-3394-4cb2-b9d4-f82fcb2c03ea}</UniqueIdentifier>
    </Filter>
    <Filter Include="Header Files\image\encode">
      <UniqueIdentifier>{4dadcb94-d0f2-445d-ae63-3d702c9bbe18}</UniqueIdentifier>
    </Filter>
    <Filter Include="Header Files\image\sys">
      <UniqueIdentifier>{4dfe07ae-aec2-46dc-b6ab-479d00e9bddb}</UniqueIdentifier>
    </Filter>
    <Filter Include="Header Files\image\x86">
      <UniqueIdentifier>{2d081583-e6c1-45ce-bca4-cafca68d8ca7}</UniqueIdentifier>
    </Filter>
    <Filter Include="Header Files\common">
      <UniqueIdentifier>{6d7cd735-7714-499f-a358-4129f28fb8f3}</UniqueIdentifier>
    </Filter>
    <Filter Include="Header Files\jxrgluelib">
      <UniqueIdentifier>{65c48995-ec61-48da-8276-cec4bd46a044}</UniqueIdentifier>
    </Filter>
  </ItemGroup>
  <ItemGroup>
    <ClCompile Include="image\decode\decode.c">
      <Filter>Source Files\image\decode</Filter>
    </ClCompile>
    <ClCompile Include="image\decode\JXRTranscode.c">
      <Filter>Source Files\image\decode</Filter>
    </ClCompile>
    <ClCompile Include="image\decode\postprocess.c">
      <Filter>Source Files\image\decode</Filter>
    </ClCompile>
    <ClCompile Include="image\decode\segdec.c">
      <Filter>Source Files\image\decode</Filter>
    </ClCompile>
    <ClCompile Include="image\decode\strdec.c">
      <Filter>Source Files\image\decode</Filter>
    </ClCompile>
    <ClCompile Include="image\decode\strdec_x86.c">
      <Filter>Source Files\image\decode</Filter>
    </ClCompile>
    <ClCompile Include="image\decode\strInvTransform.c">
      <Filter>Source Files\image\decode</Filter>
    </ClCompile>
    <ClCompile Include="image\decode\strPredQuantDec.c">
      <Filter>Source Files\image\decode</Filter>
    </ClCompile>
    <ClCompile Include="image\encode\encode.c">
      <Filter>Source Files\image\encode</Filter>
    </ClCompile>
    <ClCompile Include="image\encode\segenc.c">
      <Filter>Source Files\image\encode</Filter>
    </ClCompile>
    <ClCompile Include="image\encode\strenc.c">
      <Filter>Source Files\image\encode</Filter>
    </ClCompile>
    <ClCompile Include="image\encode\strenc_x86.c">
      <Filter>Source Files\image\encode</Filter>
    </ClCompile>
    <ClCompile Include="image\encode\strFwdTransform.c">
      <Filter>Source Files\image\encode</Filter>
    </ClCompile>
    <ClCompile Include="image\encode\strPredQuantEnc.c">
      <Filter>Source Files\image\encode</Filter>
    </ClCompile>
    <ClCompile Include="image\sys\adapthuff.c">
      <Filter>Source Files\image\sys</Filter>
    </ClCompile>
    <ClCompile Include="image\sys\image.c">
      <Filter>Source Files\image\sys</Filter>
    </ClCompile>
    <ClCompile Include="image\sys\strcodec.c">
      <Filter>Source Files\image\sys</Filter>
    </ClCompile>
    <ClCompile Include="image\sys\strPredQuant.c">
      <Filter>Source Files\image\sys</Filter>
    </ClCompile>
    <ClCompile Include="image\sys\strTransform.c">
      <Filter>Source Files\image\sys</Filter>
    </ClCompile>
    <ClCompile Include="jxrgluelib\JXRGlue.c">
      <Filter>Source Files\jxrgluelib</Filter>
    </ClCompile>
    <ClCompile Include="jxrgluelib\JXRGlueJxr.c">
      <Filter>Source Files\jxrgluelib</Filter>
    </ClCompile>
    <ClCompile Include="jxrgluelib\JXRGluePFC.c">
      <Filter>Source Files\jxrgluelib</Filter>
    </ClCompile>
    <ClCompile Include="jxrgluelib\JXRMeta.c">
      <Filter>Source Files\jxrgluelib</Filter>
    </ClCompile>
  </ItemGroup>
  <ItemGroup>
    <ClInclude Include="image\decode\decode.h">
      <Filter>Header Files\image\decode</Filter>
    </ClInclude>
    <ClInclude Include="image\encode\encode.h">
      <Filter>Header Files\image\encode</Filter>
    </ClInclude>
    <ClInclude Include="image\sys\ansi.h">
      <Filter>Header Files\image\sys</Filter>
    </ClInclude>
    <ClInclude Include="image\sys\common.h">
      <Filter>Header Files\image\sys</Filter>
    </ClInclude>
    <ClInclude Include="image\sys\perfTimer.h">
      <Filter>Header Files\image\sys</Filter>
    </ClInclude>
    <ClInclude Include="image\sys\strcodec.h">
      <Filter>Header Files\image\sys</Filter>
    </ClInclude>
    <ClInclude Include="image\sys\strTransform.h">
      <Filter>Header Files\image\sys</Filter>
    </ClInclude>
    <ClInclude Include="image\sys\windowsmediaphoto.h">
      <Filter>Header Files\image\sys</Filter>
    </ClInclude>
    <ClInclude Include="image\sys\xplatform_image.h">
      <Filter>Header Files\image\sys</Filter>
    </ClInclude>
    <ClInclude Include="image\x86\x86.h">
      <Filter>Header Files\image\x86</Filter>
    </ClInclude>
    <ClInclude Include="common\include\guiddef.h">
      <Filter>Header Files\common</Filter>
    </ClInclude>
    <ClInclude Include="common\include\wmsal.h">
      <Filter>Header Files\common</Filter>
    </ClInclude>
    <ClInclude Include="common\include\wmspecstring.h">
      <Filter>Header Files\common</Filter>
    </ClInclude>
    <ClInclude Include="common\include\wmspecstrings_adt.h">
      <Filter>Header Files\common</Filter>
    </ClInclude>
    <ClInclude Include="common\include\wmspecstrings_strict.h">
      <Filter>Header Files\common</Filter>
    </ClInclude>
    <ClInclude Include="common\include\wmspecstrings_undef.h">
      <Filter>Header Files\common</Filter>
    </ClInclude>
    <ClInclude Include="jxrgluelib\JXRGlue.h">
      <Filter>Header Files\jxrgluelib</Filter>
    </ClInclude>
    <ClInclude Include="jxrgluelib\JXRMeta.h">
      <Filter>Header Files\jxrgluelib</Filter>
    </ClInclude>
  </ItemGroup>
</Project>