<?xml version="1.0" encoding="utf-8"?>
<Project ToolsVersion="4.0" xmlns="http://schemas.microsoft.com/developer/msbuild/2003">
  <ItemGroup>
    <Filter Include="Source Files">
      <UniqueIdentifier>{2b2f7a40-0b7a-4238-8a24-6f723e2937a0}</UniqueIdentifier>
      <Extensions>cpp;c;cxx;rc;def;r;odl;idl;hpj;bat</Extensions>
    </Filter>
    <Filter Include="Source Files\Quantizers">
      <UniqueIdentifier>{a6650422-9001-473c-b35a-c85128f61024}</UniqueIdentifier>
    </Filter>
    <Filter Include="Source Files\Conversion">
      <UniqueIdentifier>{1d53012f-f287-4f8b-8a86-46ebf4c182bd}</UniqueIdentifier>
    </Filter>
    <Filter Include="Source Files\Plugins">
      <UniqueIdentifier>{459d25d5-2cc5-4608-9ce9-dc55845fafa2}</UniqueIdentifier>
    </Filter>
    <Filter Include="Source Files\DeprecationMgr">
      <UniqueIdentifier>{89b15460-b055-4a80-8053-d8557119babf}</UniqueIdentifier>
    </Filter>
    <Filter Include="Source Files\MultiPaging">
      <UniqueIdentifier>{a4bcc8bc-9e8b-4287-a32d-73a1370d885e}</UniqueIdentifier>
    </Filter>
    <Filter Include="Source Files\Metadata">
      <UniqueIdentifier>{fc3d2c91-cdbf-4902-ba20-7257a4c4c07e}</UniqueIdentifier>
    </Filter>
    <Filter Include="Header Files">
      <UniqueIdentifier>{dbc981ed-4322-4724-8c43-a5a46dc3fb36}</UniqueIdentifier>
      <Extensions>h;hpp;hxx;hm;inl</Extensions>
    </Filter>
    <Filter Include="Toolkit Files">
      <UniqueIdentifier>{6d1b1c04-3a87-4ceb-a750-658ef29cece6}</UniqueIdentifier>
    </Filter>
  </ItemGroup>
  <ItemGroup>
    <ClCompile Include="..\FreeImage\BitmapAccess.cpp">
      <Filter>Source Files</Filter>
    </ClCompile>
    <ClCompile Include="..\FreeImage\ColorLookup.cpp">
      <Filter>Source Files</Filter>
    </ClCompile>
    <ClCompile Include="..\FreeImage\FreeImage.cpp">
      <Filter>Source Files</Filter>
    </ClCompile>
    <ClCompile Include="..\FreeImage\FreeImageIO.cpp">
      <Filter>Source Files</Filter>
    </ClCompile>
    <ClCompile Include="..\FreeImage\GetType.cpp">
      <Filter>Source Files</Filter>
    </ClCompile>
    <ClCompile Include="..\FreeImage\MemoryIO.cpp">
      <Filter>Source Files</Filter>
    </ClCompile>
    <ClCompile Include="..\FreeImage\PixelAccess.cpp">
      <Filter>Source Files</Filter>
    </ClCompile>
    <ClCompile Include="..\FreeImage\NNQuantizer.cpp">
      <Filter>Source Files\Quantizers</Filter>
    </ClCompile>
    <ClCompile Include="..\FreeImage\WuQuantizer.cpp">
      <Filter>Source Files\Quantizers</Filter>
    </ClCompile>
    <ClCompile Include="..\FreeImage\Conversion.cpp">
      <Filter>Source Files\Conversion</Filter>
    </ClCompile>
    <ClCompile Include="..\FreeImage\Conversion16_555.cpp">
      <Filter>Source Files\Conversion</Filter>
    </ClCompile>
    <ClCompile Include="..\FreeImage\Conversion16_565.cpp">
      <Filter>Source Files\Conversion</Filter>
    </ClCompile>
    <ClCompile Include="..\FreeImage\Conversion24.cpp">
      <Filter>Source Files\Conversion</Filter>
    </ClCompile>
    <ClCompile Include="..\FreeImage\Conversion32.cpp">
      <Filter>Source Files\Conversion</Filter>
    </ClCompile>
    <ClCompile Include="..\FreeImage\Conversion4.cpp">
      <Filter>Source Files\Conversion</Filter>
    </ClCompile>
    <ClCompile Include="..\FreeImage\Conversion8.cpp">
      <Filter>Source Files\Conversion</Filter>
    </ClCompile>
    <ClCompile Include="..\FreeImage\ConversionFloat.cpp">
      <Filter>Source Files\Conversion</Filter>
    </ClCompile>
    <ClCompile Include="..\FreeImage\ConversionRGB16.cpp">
      <Filter>Source Files\Conversion</Filter>
    </ClCompile>
    <ClCompile Include="..\FreeImage\ConversionRGBF.cpp">
      <Filter>Source Files\Conversion</Filter>
    </ClCompile>
    <ClCompile Include="..\FreeImage\ConversionType.cpp">
      <Filter>Source Files\Conversion</Filter>
    </ClCompile>
    <ClCompile Include="..\FreeImage\ConversionUINT16.cpp">
      <Filter>Source Files\Conversion</Filter>
    </ClCompile>
    <ClCompile Include="..\FreeImage\Halftoning.cpp">
      <Filter>Source Files\Conversion</Filter>
    </ClCompile>
    <ClCompile Include="..\FreeImage\tmoColorConvert.cpp">
      <Filter>Source Files\Conversion</Filter>
    </ClCompile>
    <ClCompile Include="..\FreeImage\tmoDrago03.cpp">
      <Filter>Source Files\Conversion</Filter>
    </ClCompile>
    <ClCompile Include="..\FreeImage\tmoFattal02.cpp">
      <Filter>Source Files\Conversion</Filter>
    </ClCompile>
    <ClCompile Include="..\FreeImage\tmoReinhard05.cpp">
      <Filter>Source Files\Conversion</Filter>
    </ClCompile>
    <ClCompile Include="..\FreeImage\ToneMapping.cpp">
      <Filter>Source Files\Conversion</Filter>
    </ClCompile>
    <ClCompile Include="..\FreeImage\J2KHelper.cpp">
      <Filter>Source Files\Plugins</Filter>
    </ClCompile>
    <ClCompile Include="..\FreeImage\MNGHelper.cpp">
      <Filter>Source Files\Plugins</Filter>
    </ClCompile>
    <ClCompile Include="..\FreeImage\Plugin.cpp">
      <Filter>Source Files\Plugins</Filter>
    </ClCompile>
    <ClCompile Include="..\FreeImage\PluginBMP.cpp">
      <Filter>Source Files\Plugins</Filter>
    </ClCompile>
    <ClCompile Include="..\FreeImage\PluginCUT.cpp">
      <Filter>Source Files\Plugins</Filter>
    </ClCompile>
    <ClCompile Include="..\FreeImage\PluginDDS.cpp">
      <Filter>Source Files\Plugins</Filter>
    </ClCompile>
    <ClCompile Include="..\FreeImage\PluginEXR.cpp">
      <Filter>Source Files\Plugins</Filter>
    </ClCompile>
    <ClCompile Include="..\FreeImage\PluginG3.cpp">
      <Filter>Source Files\Plugins</Filter>
    </ClCompile>
    <ClCompile Include="..\FreeImage\PluginGIF.cpp">
      <Filter>Source Files\Plugins</Filter>
    </ClCompile>
    <ClCompile Include="..\FreeImage\PluginHDR.cpp">
      <Filter>Source Files\Plugins</Filter>
    </ClCompile>
    <ClCompile Include="..\FreeImage\PluginICO.cpp">
      <Filter>Source Files\Plugins</Filter>
    </ClCompile>
    <ClCompile Include="..\FreeImage\PluginIFF.cpp">
      <Filter>Source Files\Plugins</Filter>
    </ClCompile>
    <ClCompile Include="..\FreeImage\PluginJ2K.cpp">
      <Filter>Source Files\Plugins</Filter>
    </ClCompile>
    <ClCompile Include="..\FreeImage\PluginJNG.cpp">
      <Filter>Source Files\Plugins</Filter>
    </ClCompile>
    <ClCompile Include="..\FreeImage\PluginJP2.cpp">
      <Filter>Source Files\Plugins</Filter>
    </ClCompile>
    <ClCompile Include="..\FreeImage\PluginJPEG.cpp">
      <Filter>Source Files\Plugins</Filter>
    </ClCompile>
    <ClCompile Include="..\FreeImage\PluginJXR.cpp">
      <Filter>Source Files\Plugins</Filter>
    </ClCompile>
    <ClCompile Include="..\FreeImage\PluginKOALA.cpp">
      <Filter>Source Files\Plugins</Filter>
    </ClCompile>
    <ClCompile Include="..\FreeImage\PluginMNG.cpp">
      <Filter>Source Files\Plugins</Filter>
    </ClCompile>
    <ClCompile Include="..\FreeImage\PluginPCD.cpp">
      <Filter>Source Files\Plugins</Filter>
    </ClCompile>
    <ClCompile Include="..\FreeImage\PluginPCX.cpp">
      <Filter>Source Files\Plugins</Filter>
    </ClCompile>
    <ClCompile Include="..\FreeImage\PluginPFM.cpp">
      <Filter>Source Files\Plugins</Filter>
    </ClCompile>
    <ClCompile Include="..\FreeImage\PluginPICT.cpp">
      <Filter>Source Files\Plugins</Filter>
    </ClCompile>
    <ClCompile Include="..\FreeImage\PluginPNG.cpp">
      <Filter>Source Files\Plugins</Filter>
    </ClCompile>
    <ClCompile Include="..\FreeImage\PluginPNM.cpp">
      <Filter>Source Files\Plugins</Filter>
    </ClCompile>
    <ClCompile Include="..\FreeImage\PluginPSD.cpp">
      <Filter>Source Files\Plugins</Filter>
    </ClCompile>
    <ClCompile Include="..\FreeImage\PluginRAS.cpp">
      <Filter>Source Files\Plugins</Filter>
    </ClCompile>
    <ClCompile Include="..\FreeImage\PluginRAW.cpp">
      <Filter>Source Files\Plugins</Filter>
    </ClCompile>
    <ClCompile Include="..\FreeImage\PluginSGI.cpp">
      <Filter>Source Files\Plugins</Filter>
    </ClCompile>
    <ClCompile Include="..\FreeImage\PluginTARGA.cpp">
      <Filter>Source Files\Plugins</Filter>
    </ClCompile>
    <ClCompile Include="..\FreeImage\PluginTIFF.cpp">
      <Filter>Source Files\Plugins</Filter>
    </ClCompile>
    <ClCompile Include="..\FreeImage\PluginWBMP.cpp">
      <Filter>Source Files\Plugins</Filter>
    </ClCompile>
    <ClCompile Include="..\FreeImage\PluginWebP.cpp">
      <Filter>Source Files\Plugins</Filter>
    </ClCompile>
    <ClCompile Include="..\FreeImage\PluginXBM.cpp">
      <Filter>Source Files\Plugins</Filter>
    </ClCompile>
    <ClCompile Include="..\FreeImage\PluginXPM.cpp">
      <Filter>Source Files\Plugins</Filter>
    </ClCompile>
    <ClCompile Include="..\FreeImage\PSDParser.cpp">
      <Filter>Source Files\Plugins</Filter>
    </ClCompile>
    <ClCompile Include="..\FreeImage\TIFFLogLuv.cpp">
      <Filter>Source Files\Plugins</Filter>
    </ClCompile>
    <ClCompile Include="..\DeprecationManager\Deprecated.cpp">
      <Filter>Source Files\DeprecationMgr</Filter>
    </ClCompile>
    <ClCompile Include="..\DeprecationManager\DeprecationMgr.cpp">
      <Filter>Source Files\DeprecationMgr</Filter>
    </ClCompile>
    <ClCompile Include="..\FreeImage\CacheFile.cpp">
      <Filter>Source Files\MultiPaging</Filter>
    </ClCompile>
    <ClCompile Include="..\FreeImage\MultiPage.cpp">
      <Filter>Source Files\MultiPaging</Filter>
    </ClCompile>
    <ClCompile Include="..\FreeImage\ZLibInterface.cpp">
      <Filter>Source Files\MultiPaging</Filter>
    </ClCompile>
    <ClCompile Include="..\Metadata\Exif.cpp">
      <Filter>Source Files\Metadata</Filter>
    </ClCompile>
    <ClCompile Include="..\Metadata\FIRational.cpp">
      <Filter>Source Files\Metadata</Filter>
    </ClCompile>
    <ClCompile Include="..\Metadata\FreeImageTag.cpp">
      <Filter>Source Files\Metadata</Filter>
    </ClCompile>
    <ClCompile Include="..\Metadata\IPTC.cpp">
      <Filter>Source Files\Metadata</Filter>
    </ClCompile>
    <ClCompile Include="..\Metadata\TagConversion.cpp">
      <Filter>Source Files\Metadata</Filter>
    </ClCompile>
    <ClCompile Include="..\Metadata\TagLib.cpp">
      <Filter>Source Files\Metadata</Filter>
    </ClCompile>
    <ClCompile Include="..\Metadata\XTIFF.cpp">
      <Filter>Source Files\Metadata</Filter>
    </ClCompile>
    <ClCompile Include="..\FreeImageToolkit\Background.cpp">
      <Filter>Toolkit Files</Filter>
    </ClCompile>
    <ClCompile Include="..\FreeImageToolkit\BSplineRotate.cpp">
      <Filter>Toolkit Files</Filter>
    </ClCompile>
    <ClCompile Include="..\FreeImageToolkit\Channels.cpp">
      <Filter>Toolkit Files</Filter>
    </ClCompile>
    <ClCompile Include="..\FreeImageToolkit\ClassicRotate.cpp">
      <Filter>Toolkit Files</Filter>
    </ClCompile>
    <ClCompile Include="..\FreeImageToolkit\Colors.cpp">
      <Filter>Toolkit Files</Filter>
    </ClCompile>
    <ClCompile Include="..\FreeImageToolkit\CopyPaste.cpp">
      <Filter>Toolkit Files</Filter>
    </ClCompile>
    <ClCompile Include="..\FreeImageToolkit\Display.cpp">
      <Filter>Toolkit Files</Filter>
    </ClCompile>
    <ClCompile Include="..\FreeImageToolkit\Flip.cpp">
      <Filter>Toolkit Files</Filter>
    </ClCompile>
    <ClCompile Include="..\FreeImageToolkit\JPEGTransform.cpp">
      <Filter>Toolkit Files</Filter>
    </ClCompile>
    <ClCompile Include="..\FreeImageToolkit\MultigridPoissonSolver.cpp">
      <Filter>Toolkit Files</Filter>
    </ClCompile>
    <ClCompile Include="..\FreeImageToolkit\Rescale.cpp">
      <Filter>Toolkit Files</Filter>
    </ClCompile>
    <ClCompile Include="..\FreeImageToolkit\Resize.cpp">
      <Filter>Toolkit Files</Filter>
    </ClCompile>
  </ItemGroup>
  <ItemGroup>
    <ClInclude Include="..\CacheFile.h">
      <Filter>Header Files</Filter>
    </ClInclude>
    <ClInclude Include="..\DeprecationManager\DeprecationMgr.h">
      <Filter>Header Files</Filter>
    </ClInclude>
    <ClInclude Include="..\Metadata\FIRational.h">
      <Filter>Header Files</Filter>
    </ClInclude>
    <ClInclude Include="..\FreeImage.h">
      <Filter>Header Files</Filter>
    </ClInclude>
    <ClInclude Include="..\FreeImageIO.h">
      <Filter>Header Files</Filter>
    </ClInclude>
    <ClInclude Include="..\Metadata\FreeImageTag.h">
      <Filter>Header Files</Filter>
    </ClInclude>
    <ClInclude Include="..\Plugin.h">
      <Filter>Header Files</Filter>
    </ClInclude>
    <ClInclude Include="..\FreeImage\PSDParser.h">
      <Filter>Header Files</Filter>
    </ClInclude>
    <ClInclude Include="..\Quantizers.h">
      <Filter>Header Files</Filter>
    </ClInclude>
    <ClInclude Include="..\ToneMapping.h">
      <Filter>Header Files</Filter>
    </ClInclude>
    <ClInclude Include="..\Utilities.h">
      <Filter>Header Files</Filter>
    </ClInclude>
    <ClInclude Include="..\FreeImageToolkit\Resize.h">
      <Filter>Toolkit Files</Filter>
    </ClInclude>
  </ItemGroup>
  <ItemGroup>
    <Text Include="..\..\Whatsnew.txt" />
  </ItemGroup>
</Project>